// !$*UTF8*$!
{
	archiveVersion = 1;
	classes = {
	};
	objectVersion = 50;
	objects = {

/* Begin PBXBuildFile section */
		7D4E0D3F79AEEBD6B18D206D /* Pods_WeatherApp.framework in Frameworks */ = {isa = PBXBuildFile; fileRef = 11D2AD86C8F96C8865AE8D27 /* Pods_WeatherApp.framework */; };
		8F0056C426244A6E00884592 /* DetailWeatherRowsViewModel.swift in Sources */ = {isa = PBXBuildFile; fileRef = 8F0056C326244A6E00884592 /* DetailWeatherRowsViewModel.swift */; };
		8F0056C926244F6900884592 /* String+ColorName.swift in Sources */ = {isa = PBXBuildFile; fileRef = 8F0056C826244F6900884592 /* String+ColorName.swift */; };
		8F0056CC2624517F00884592 /* Helper.swift in Sources */ = {isa = PBXBuildFile; fileRef = 8F0056CB2624517F00884592 /* Helper.swift */; };
		8F0629B2261222650091D2F3 /* DetailWeatherViewController.swift in Sources */ = {isa = PBXBuildFile; fileRef = 8F0629B1261222650091D2F3 /* DetailWeatherViewController.swift */; };
		8F271E9B261F29DD00F75FC7 /* MainCurrentWeatherViewModel.swift in Sources */ = {isa = PBXBuildFile; fileRef = 8F271E9A261F29DD00F75FC7 /* MainCurrentWeatherViewModel.swift */; };
		8F38FEE226207ED6008B05E4 /* DetailCurrentWeatherTableViewCell.swift in Sources */ = {isa = PBXBuildFile; fileRef = 8F38FEE026207ED6008B05E4 /* DetailCurrentWeatherTableViewCell.swift */; };
		8F38FEE326207ED6008B05E4 /* DetailCurrentWeatherTableViewCell.xib in Resources */ = {isa = PBXBuildFile; fileRef = 8F38FEE126207ED6008B05E4 /* DetailCurrentWeatherTableViewCell.xib */; };
		8F38FEEA26207F33008B05E4 /* DetailWeatherCollectionViewCell.swift in Sources */ = {isa = PBXBuildFile; fileRef = 8F38FEE826207F33008B05E4 /* DetailWeatherCollectionViewCell.swift */; };
		8F38FEEB26207F33008B05E4 /* DetailWeatherCollectionViewCell.xib in Resources */ = {isa = PBXBuildFile; fileRef = 8F38FEE926207F33008B05E4 /* DetailWeatherCollectionViewCell.xib */; };
		8F38FEF02620829D008B05E4 /* DetailWeatherHandler.swift in Sources */ = {isa = PBXBuildFile; fileRef = 8F38FEEF2620829D008B05E4 /* DetailWeatherHandler.swift */; };
		8F38FEF3262082F8008B05E4 /* DetailWeatherViewModel.swift in Sources */ = {isa = PBXBuildFile; fileRef = 8F38FEF2262082F8008B05E4 /* DetailWeatherViewModel.swift */; };
		8F38FEF82620948A008B05E4 /* DetailWeatherName.swift in Sources */ = {isa = PBXBuildFile; fileRef = 8F38FEF72620948A008B05E4 /* DetailWeatherName.swift */; };
		8F38FEFB2620A309008B05E4 /* DailyDetailWeatherModel.swift in Sources */ = {isa = PBXBuildFile; fileRef = 8F38FEFA2620A309008B05E4 /* DailyDetailWeatherModel.swift */; };
		8F38FF002620A744008B05E4 /* DailyDetailTableViewCell.swift in Sources */ = {isa = PBXBuildFile; fileRef = 8F38FEFE2620A744008B05E4 /* DailyDetailTableViewCell.swift */; };
		8F38FF012620A744008B05E4 /* DailyDetailTableViewCell.xib in Resources */ = {isa = PBXBuildFile; fileRef = 8F38FEFF2620A744008B05E4 /* DailyDetailTableViewCell.xib */; };
		8F54C0EC26258A1300681792 /* Settings.storyboard in Resources */ = {isa = PBXBuildFile; fileRef = 8F54C0EB26258A1300681792 /* Settings.storyboard */; };
		8F54C0F126258A6E00681792 /* MainSettingsViewController.swift in Sources */ = {isa = PBXBuildFile; fileRef = 8F54C0F026258A6E00681792 /* MainSettingsViewController.swift */; };
		8F5AF577261EEC4700E98249 /* MainCurrentWeatherTableViewCell.swift in Sources */ = {isa = PBXBuildFile; fileRef = 8F5AF575261EEC4700E98249 /* MainCurrentWeatherTableViewCell.swift */; };
		8F5AF578261EEC4700E98249 /* MainCurrentWeatherTableViewCell.xib in Resources */ = {isa = PBXBuildFile; fileRef = 8F5AF576261EEC4700E98249 /* MainCurrentWeatherTableViewCell.xib */; };
		8F6CC276261C5BB900F245CC /* Spinner.swift in Sources */ = {isa = PBXBuildFile; fileRef = 8F6CC275261C5BB900F245CC /* Spinner.swift */; };
		8F7099E8262051390067F558 /* HoursWeatherHandler.swift in Sources */ = {isa = PBXBuildFile; fileRef = 8F7099E7262051390067F558 /* HoursWeatherHandler.swift */; };
		8F7099EC2620523E0067F558 /* HoursWeatherViewModel.swift in Sources */ = {isa = PBXBuildFile; fileRef = 8F7099EB2620523E0067F558 /* HoursWeatherViewModel.swift */; };
		8F709A0226205EF90067F558 /* HoursWeatherTableViewCell.swift in Sources */ = {isa = PBXBuildFile; fileRef = 8F709A0026205EF90067F558 /* HoursWeatherTableViewCell.swift */; };
		8F709A0326205EF90067F558 /* HoursWeatherTableViewCell.xib in Resources */ = {isa = PBXBuildFile; fileRef = 8F709A0126205EF90067F558 /* HoursWeatherTableViewCell.xib */; };
		8F709A0A262060850067F558 /* HoursWeatherCollectionViewCell.swift in Sources */ = {isa = PBXBuildFile; fileRef = 8F709A08262060850067F558 /* HoursWeatherCollectionViewCell.swift */; };
		8F709A0B262060850067F558 /* HoursWeatherCollectionViewCell.xib in Resources */ = {isa = PBXBuildFile; fileRef = 8F709A09262060850067F558 /* HoursWeatherCollectionViewCell.xib */; };
		8F7508D9261AFC520082ACF6 /* Storage.swift in Sources */ = {isa = PBXBuildFile; fileRef = 8F7508D8261AFC520082ACF6 /* Storage.swift */; };
		8F7F456826258F7500D11774 /* SettingsRowsViewModel.swift in Sources */ = {isa = PBXBuildFile; fileRef = 8F7F456726258F7500D11774 /* SettingsRowsViewModel.swift */; };
		8F7F456D2625903C00D11774 /* SegmentedControlTableViewCell.swift in Sources */ = {isa = PBXBuildFile; fileRef = 8F7F456B2625903C00D11774 /* SegmentedControlTableViewCell.swift */; };
		8F7F456E2625903C00D11774 /* SegmentedControlTableViewCell.xib in Resources */ = {isa = PBXBuildFile; fileRef = 8F7F456C2625903C00D11774 /* SegmentedControlTableViewCell.xib */; };
		8F7F45742625AC5400D11774 /* UnitMeasurementManager.swift in Sources */ = {isa = PBXBuildFile; fileRef = 8F7F45732625AC5400D11774 /* UnitMeasurementManager.swift */; };
		8F7F45772625DA5600D11774 /* MeasurementEnums.swift in Sources */ = {isa = PBXBuildFile; fileRef = 8F7F45762625DA5600D11774 /* MeasurementEnums.swift */; };
		8F924255260B639000D84DB0 /* AppDelegate.swift in Sources */ = {isa = PBXBuildFile; fileRef = 8F924254260B639000D84DB0 /* AppDelegate.swift */; };
		8F924259260B639000D84DB0 /* SelectedLocationsViewController.swift in Sources */ = {isa = PBXBuildFile; fileRef = 8F924258260B639000D84DB0 /* SelectedLocationsViewController.swift */; };
		8F92425C260B639000D84DB0 /* Main.storyboard in Resources */ = {isa = PBXBuildFile; fileRef = 8F92425A260B639000D84DB0 /* Main.storyboard */; };
		8F92425F260B639000D84DB0 /* WeatherApp.xcdatamodeld in Sources */ = {isa = PBXBuildFile; fileRef = 8F92425D260B639000D84DB0 /* WeatherApp.xcdatamodeld */; };
		8F924261260B639100D84DB0 /* Assets.xcassets in Resources */ = {isa = PBXBuildFile; fileRef = 8F924260260B639100D84DB0 /* Assets.xcassets */; };
		8F924264260B639100D84DB0 /* LaunchScreen.storyboard in Resources */ = {isa = PBXBuildFile; fileRef = 8F924262260B639100D84DB0 /* LaunchScreen.storyboard */; };
		8F924272260B76B100D84DB0 /* SelectedLocationWeatherModel.swift in Sources */ = {isa = PBXBuildFile; fileRef = 8F924271260B76B100D84DB0 /* SelectedLocationWeatherModel.swift */; };
		8F92427C260B790C00D84DB0 /* SelectedLocationWeatherManager.swift in Sources */ = {isa = PBXBuildFile; fileRef = 8F92427B260B790C00D84DB0 /* SelectedLocationWeatherManager.swift */; };
		8F92427F260B7BCF00D84DB0 /* WeatherData.swift in Sources */ = {isa = PBXBuildFile; fileRef = 8F92427E260B7BCF00D84DB0 /* WeatherData.swift */; };
		8F924283260B7D1700D84DB0 /* SelectedLocationTableViewCell.swift in Sources */ = {isa = PBXBuildFile; fileRef = 8F924281260B7D1700D84DB0 /* SelectedLocationTableViewCell.swift */; };
		8F924284260B7D1700D84DB0 /* SelectedLocationTableViewCell.xib in Resources */ = {isa = PBXBuildFile; fileRef = 8F924282260B7D1700D84DB0 /* SelectedLocationTableViewCell.xib */; };
		8F92428B260B94AA00D84DB0 /* DataBaseManager.swift in Sources */ = {isa = PBXBuildFile; fileRef = 8F92428A260B94AA00D84DB0 /* DataBaseManager.swift */; };
		8F92428E260B9FC400D84DB0 /* MapViewController.swift in Sources */ = {isa = PBXBuildFile; fileRef = 8F92428D260B9FC400D84DB0 /* MapViewController.swift */; };
		8FA04637260C97050042F47C /* LocationSearchTableViewController.swift in Sources */ = {isa = PBXBuildFile; fileRef = 8FA04636260C97050042F47C /* LocationSearchTableViewController.swift */; };
		8FA0463B260CEF560042F47C /* Detail.storyboard in Resources */ = {isa = PBXBuildFile; fileRef = 8FA0463A260CEF560042F47C /* Detail.storyboard */; };
		8FAAC5EB261749B50011FC58 /* DailyDetailWeatherViewController.swift in Sources */ = {isa = PBXBuildFile; fileRef = 8FAAC5EA261749B50011FC58 /* DailyDetailWeatherViewController.swift */; };
		8FAAC5EE261763D30011FC58 /* GlobalWeatherData.swift in Sources */ = {isa = PBXBuildFile; fileRef = 8FAAC5ED261763D30011FC58 /* GlobalWeatherData.swift */; };
		8FAAC5F12617640B0011FC58 /* DetailWeatherData.swift in Sources */ = {isa = PBXBuildFile; fileRef = 8FAAC5F02617640B0011FC58 /* DetailWeatherData.swift */; };
		D1356EB4260E407600E435C2 /* CityName.swift in Sources */ = {isa = PBXBuildFile; fileRef = D1356EB3260E407600E435C2 /* CityName.swift */; };
		D1356EB72610DF0000E435C2 /* DataManager.swift in Sources */ = {isa = PBXBuildFile; fileRef = D1356EB62610DF0000E435C2 /* DataManager.swift */; };
		D14EB9BF2615EB0400753396 /* CurrentLocationWeatherModel.swift in Sources */ = {isa = PBXBuildFile; fileRef = D14EB9BE2615EB0400753396 /* CurrentLocationWeatherModel.swift */; };
		D1ADEE4B2614B17600CA9F5F /* Localizable.strings in Resources */ = {isa = PBXBuildFile; fileRef = D1ADEE4D2614B17600CA9F5F /* Localizable.strings */; };
/* End PBXBuildFile section */

/* Begin PBXFileReference section */
		11D2AD86C8F96C8865AE8D27 /* Pods_WeatherApp.framework */ = {isa = PBXFileReference; explicitFileType = wrapper.framework; includeInIndex = 0; path = Pods_WeatherApp.framework; sourceTree = BUILT_PRODUCTS_DIR; };
		72CF6C324900F39652590F73 /* Pods-WeatherApp.debug.xcconfig */ = {isa = PBXFileReference; includeInIndex = 1; lastKnownFileType = text.xcconfig; name = "Pods-WeatherApp.debug.xcconfig"; path = "Target Support Files/Pods-WeatherApp/Pods-WeatherApp.debug.xcconfig"; sourceTree = "<group>"; };
		8F0056C326244A6E00884592 /* DetailWeatherRowsViewModel.swift */ = {isa = PBXFileReference; lastKnownFileType = sourcecode.swift; path = DetailWeatherRowsViewModel.swift; sourceTree = "<group>"; };
		8F0056C826244F6900884592 /* String+ColorName.swift */ = {isa = PBXFileReference; lastKnownFileType = sourcecode.swift; path = "String+ColorName.swift"; sourceTree = "<group>"; };
		8F0056CB2624517F00884592 /* Helper.swift */ = {isa = PBXFileReference; lastKnownFileType = sourcecode.swift; path = Helper.swift; sourceTree = "<group>"; };
		8F0629B1261222650091D2F3 /* DetailWeatherViewController.swift */ = {isa = PBXFileReference; lastKnownFileType = sourcecode.swift; path = DetailWeatherViewController.swift; sourceTree = "<group>"; };
		8F271E9A261F29DD00F75FC7 /* MainCurrentWeatherViewModel.swift */ = {isa = PBXFileReference; lastKnownFileType = sourcecode.swift; path = MainCurrentWeatherViewModel.swift; sourceTree = "<group>"; };
		8F38FEE026207ED6008B05E4 /* DetailCurrentWeatherTableViewCell.swift */ = {isa = PBXFileReference; lastKnownFileType = sourcecode.swift; path = DetailCurrentWeatherTableViewCell.swift; sourceTree = "<group>"; };
		8F38FEE126207ED6008B05E4 /* DetailCurrentWeatherTableViewCell.xib */ = {isa = PBXFileReference; lastKnownFileType = file.xib; path = DetailCurrentWeatherTableViewCell.xib; sourceTree = "<group>"; };
		8F38FEE826207F33008B05E4 /* DetailWeatherCollectionViewCell.swift */ = {isa = PBXFileReference; lastKnownFileType = sourcecode.swift; path = DetailWeatherCollectionViewCell.swift; sourceTree = "<group>"; };
		8F38FEE926207F33008B05E4 /* DetailWeatherCollectionViewCell.xib */ = {isa = PBXFileReference; lastKnownFileType = file.xib; path = DetailWeatherCollectionViewCell.xib; sourceTree = "<group>"; };
		8F38FEEF2620829D008B05E4 /* DetailWeatherHandler.swift */ = {isa = PBXFileReference; lastKnownFileType = sourcecode.swift; path = DetailWeatherHandler.swift; sourceTree = "<group>"; };
		8F38FEF2262082F8008B05E4 /* DetailWeatherViewModel.swift */ = {isa = PBXFileReference; lastKnownFileType = sourcecode.swift; path = DetailWeatherViewModel.swift; sourceTree = "<group>"; };
		8F38FEF72620948A008B05E4 /* DetailWeatherName.swift */ = {isa = PBXFileReference; lastKnownFileType = sourcecode.swift; path = DetailWeatherName.swift; sourceTree = "<group>"; };
		8F38FEFA2620A309008B05E4 /* DailyDetailWeatherModel.swift */ = {isa = PBXFileReference; lastKnownFileType = sourcecode.swift; path = DailyDetailWeatherModel.swift; sourceTree = "<group>"; };
		8F38FEFE2620A744008B05E4 /* DailyDetailTableViewCell.swift */ = {isa = PBXFileReference; lastKnownFileType = sourcecode.swift; path = DailyDetailTableViewCell.swift; sourceTree = "<group>"; };
		8F38FEFF2620A744008B05E4 /* DailyDetailTableViewCell.xib */ = {isa = PBXFileReference; lastKnownFileType = file.xib; path = DailyDetailTableViewCell.xib; sourceTree = "<group>"; };
		8F54C0EB26258A1300681792 /* Settings.storyboard */ = {isa = PBXFileReference; lastKnownFileType = file.storyboard; path = Settings.storyboard; sourceTree = "<group>"; };
		8F54C0F026258A6E00681792 /* MainSettingsViewController.swift */ = {isa = PBXFileReference; lastKnownFileType = sourcecode.swift; path = MainSettingsViewController.swift; sourceTree = "<group>"; };
		8F5AF575261EEC4700E98249 /* MainCurrentWeatherTableViewCell.swift */ = {isa = PBXFileReference; lastKnownFileType = sourcecode.swift; path = MainCurrentWeatherTableViewCell.swift; sourceTree = "<group>"; };
		8F5AF576261EEC4700E98249 /* MainCurrentWeatherTableViewCell.xib */ = {isa = PBXFileReference; lastKnownFileType = file.xib; path = MainCurrentWeatherTableViewCell.xib; sourceTree = "<group>"; };
		8F6CC275261C5BB900F245CC /* Spinner.swift */ = {isa = PBXFileReference; lastKnownFileType = sourcecode.swift; path = Spinner.swift; sourceTree = "<group>"; };
		8F7099E7262051390067F558 /* HoursWeatherHandler.swift */ = {isa = PBXFileReference; lastKnownFileType = sourcecode.swift; path = HoursWeatherHandler.swift; sourceTree = "<group>"; };
		8F7099EB2620523E0067F558 /* HoursWeatherViewModel.swift */ = {isa = PBXFileReference; lastKnownFileType = sourcecode.swift; path = HoursWeatherViewModel.swift; sourceTree = "<group>"; };
		8F709A0026205EF90067F558 /* HoursWeatherTableViewCell.swift */ = {isa = PBXFileReference; lastKnownFileType = sourcecode.swift; path = HoursWeatherTableViewCell.swift; sourceTree = "<group>"; };
		8F709A0126205EF90067F558 /* HoursWeatherTableViewCell.xib */ = {isa = PBXFileReference; lastKnownFileType = file.xib; path = HoursWeatherTableViewCell.xib; sourceTree = "<group>"; };
		8F709A08262060850067F558 /* HoursWeatherCollectionViewCell.swift */ = {isa = PBXFileReference; lastKnownFileType = sourcecode.swift; path = HoursWeatherCollectionViewCell.swift; sourceTree = "<group>"; };
		8F709A09262060850067F558 /* HoursWeatherCollectionViewCell.xib */ = {isa = PBXFileReference; lastKnownFileType = file.xib; path = HoursWeatherCollectionViewCell.xib; sourceTree = "<group>"; };
		8F7508D8261AFC520082ACF6 /* Storage.swift */ = {isa = PBXFileReference; lastKnownFileType = sourcecode.swift; path = Storage.swift; sourceTree = "<group>"; };
		8F7F456726258F7500D11774 /* SettingsRowsViewModel.swift */ = {isa = PBXFileReference; lastKnownFileType = sourcecode.swift; path = SettingsRowsViewModel.swift; sourceTree = "<group>"; };
		8F7F456B2625903C00D11774 /* SegmentedControlTableViewCell.swift */ = {isa = PBXFileReference; lastKnownFileType = sourcecode.swift; path = SegmentedControlTableViewCell.swift; sourceTree = "<group>"; };
		8F7F456C2625903C00D11774 /* SegmentedControlTableViewCell.xib */ = {isa = PBXFileReference; lastKnownFileType = file.xib; path = SegmentedControlTableViewCell.xib; sourceTree = "<group>"; };
		8F7F45732625AC5400D11774 /* UnitMeasurementManager.swift */ = {isa = PBXFileReference; lastKnownFileType = sourcecode.swift; path = UnitMeasurementManager.swift; sourceTree = "<group>"; };
		8F7F45762625DA5600D11774 /* MeasurementEnums.swift */ = {isa = PBXFileReference; lastKnownFileType = sourcecode.swift; path = MeasurementEnums.swift; sourceTree = "<group>"; };
		8F924251260B639000D84DB0 /* WeatherApp.app */ = {isa = PBXFileReference; explicitFileType = wrapper.application; includeInIndex = 0; path = WeatherApp.app; sourceTree = BUILT_PRODUCTS_DIR; };
		8F924254260B639000D84DB0 /* AppDelegate.swift */ = {isa = PBXFileReference; lastKnownFileType = sourcecode.swift; path = AppDelegate.swift; sourceTree = "<group>"; };
		8F924258260B639000D84DB0 /* SelectedLocationsViewController.swift */ = {isa = PBXFileReference; lastKnownFileType = sourcecode.swift; path = SelectedLocationsViewController.swift; sourceTree = "<group>"; };
		8F92425B260B639000D84DB0 /* Base */ = {isa = PBXFileReference; lastKnownFileType = file.storyboard; name = Base; path = Base.lproj/Main.storyboard; sourceTree = "<group>"; };
		8F92425E260B639000D84DB0 /* WeatherApp.xcdatamodel */ = {isa = PBXFileReference; lastKnownFileType = wrapper.xcdatamodel; path = WeatherApp.xcdatamodel; sourceTree = "<group>"; };
		8F924260260B639100D84DB0 /* Assets.xcassets */ = {isa = PBXFileReference; lastKnownFileType = folder.assetcatalog; path = Assets.xcassets; sourceTree = "<group>"; };
		8F924263260B639100D84DB0 /* Base */ = {isa = PBXFileReference; lastKnownFileType = file.storyboard; name = Base; path = Base.lproj/LaunchScreen.storyboard; sourceTree = "<group>"; };
		8F924265260B639100D84DB0 /* Info.plist */ = {isa = PBXFileReference; lastKnownFileType = text.plist.xml; path = Info.plist; sourceTree = "<group>"; };
		8F924271260B76B100D84DB0 /* SelectedLocationWeatherModel.swift */ = {isa = PBXFileReference; lastKnownFileType = sourcecode.swift; path = SelectedLocationWeatherModel.swift; sourceTree = "<group>"; };
		8F92427B260B790C00D84DB0 /* SelectedLocationWeatherManager.swift */ = {isa = PBXFileReference; lastKnownFileType = sourcecode.swift; path = SelectedLocationWeatherManager.swift; sourceTree = "<group>"; };
		8F92427E260B7BCF00D84DB0 /* WeatherData.swift */ = {isa = PBXFileReference; lastKnownFileType = sourcecode.swift; path = WeatherData.swift; sourceTree = "<group>"; };
		8F924281260B7D1700D84DB0 /* SelectedLocationTableViewCell.swift */ = {isa = PBXFileReference; lastKnownFileType = sourcecode.swift; path = SelectedLocationTableViewCell.swift; sourceTree = "<group>"; };
		8F924282260B7D1700D84DB0 /* SelectedLocationTableViewCell.xib */ = {isa = PBXFileReference; lastKnownFileType = file.xib; path = SelectedLocationTableViewCell.xib; sourceTree = "<group>"; };
		8F92428A260B94AA00D84DB0 /* DataBaseManager.swift */ = {isa = PBXFileReference; lastKnownFileType = sourcecode.swift; path = DataBaseManager.swift; sourceTree = "<group>"; };
		8F92428D260B9FC400D84DB0 /* MapViewController.swift */ = {isa = PBXFileReference; lastKnownFileType = sourcecode.swift; path = MapViewController.swift; sourceTree = "<group>"; };
		8FA04636260C97050042F47C /* LocationSearchTableViewController.swift */ = {isa = PBXFileReference; lastKnownFileType = sourcecode.swift; path = LocationSearchTableViewController.swift; sourceTree = "<group>"; };
		8FA0463A260CEF560042F47C /* Detail.storyboard */ = {isa = PBXFileReference; lastKnownFileType = file.storyboard; path = Detail.storyboard; sourceTree = "<group>"; };
		8FAAC5EA261749B50011FC58 /* DailyDetailWeatherViewController.swift */ = {isa = PBXFileReference; lastKnownFileType = sourcecode.swift; path = DailyDetailWeatherViewController.swift; sourceTree = "<group>"; };
		8FAAC5ED261763D30011FC58 /* GlobalWeatherData.swift */ = {isa = PBXFileReference; lastKnownFileType = sourcecode.swift; path = GlobalWeatherData.swift; sourceTree = "<group>"; };
		8FAAC5F02617640B0011FC58 /* DetailWeatherData.swift */ = {isa = PBXFileReference; lastKnownFileType = sourcecode.swift; path = DetailWeatherData.swift; sourceTree = "<group>"; };
		D1356EB3260E407600E435C2 /* CityName.swift */ = {isa = PBXFileReference; lastKnownFileType = sourcecode.swift; path = CityName.swift; sourceTree = "<group>"; };
		D1356EB62610DF0000E435C2 /* DataManager.swift */ = {isa = PBXFileReference; lastKnownFileType = sourcecode.swift; path = DataManager.swift; sourceTree = "<group>"; };
		D14EB9BE2615EB0400753396 /* CurrentLocationWeatherModel.swift */ = {isa = PBXFileReference; lastKnownFileType = sourcecode.swift; path = CurrentLocationWeatherModel.swift; sourceTree = "<group>"; };
		D1ADEE462614B12A00CA9F5F /* ru */ = {isa = PBXFileReference; lastKnownFileType = text.plist.strings; name = ru; path = ru.lproj/Main.strings; sourceTree = "<group>"; };
		D1ADEE4C2614B17600CA9F5F /* en */ = {isa = PBXFileReference; lastKnownFileType = text.plist.strings; name = en; path = en.lproj/Localizable.strings; sourceTree = "<group>"; };
		D1ADEE4F2614B17C00CA9F5F /* ru */ = {isa = PBXFileReference; lastKnownFileType = text.plist.strings; name = ru; path = ru.lproj/Localizable.strings; sourceTree = "<group>"; };
		F93144D8D5381C98667FDF35 /* Pods-WeatherApp.release.xcconfig */ = {isa = PBXFileReference; includeInIndex = 1; lastKnownFileType = text.xcconfig; name = "Pods-WeatherApp.release.xcconfig"; path = "Target Support Files/Pods-WeatherApp/Pods-WeatherApp.release.xcconfig"; sourceTree = "<group>"; };
/* End PBXFileReference section */

/* Begin PBXFrameworksBuildPhase section */
		8F92424E260B639000D84DB0 /* Frameworks */ = {
			isa = PBXFrameworksBuildPhase;
			buildActionMask = 2147483647;
			files = (
				7D4E0D3F79AEEBD6B18D206D /* Pods_WeatherApp.framework in Frameworks */,
			);
			runOnlyForDeploymentPostprocessing = 0;
		};
/* End PBXFrameworksBuildPhase section */

/* Begin PBXGroup section */
		8F0056C726244F4B00884592 /* Extension */ = {
			isa = PBXGroup;
			children = (
				8F0056C826244F6900884592 /* String+ColorName.swift */,
			);
			name = Extension;
			sourceTree = "<group>";
		};
		8F38FEE526207EE1008B05E4 /* DetailCurrentWeatherTableViewCell */ = {
			isa = PBXGroup;
			children = (
				8F38FEE026207ED6008B05E4 /* DetailCurrentWeatherTableViewCell.swift */,
				8F38FEE126207ED6008B05E4 /* DetailCurrentWeatherTableViewCell.xib */,
			);
			name = DetailCurrentWeatherTableViewCell;
			sourceTree = "<group>";
		};
		8F38FEE626207EFC008B05E4 /* TableCells */ = {
			isa = PBXGroup;
			children = (
				8F38FEFD2620A71F008B05E4 /* DailyDetailTableViewCell */,
				8F5AF57B261EEC5D00E98249 /* MainCurrentWeatherTableViewCell */,
				8F709A0526205F020067F558 /* HoursWeatherTableViewCell */,
				8F38FEE526207EE1008B05E4 /* DetailCurrentWeatherTableViewCell */,
			);
			name = TableCells;
			sourceTree = "<group>";
		};
		8F38FEE726207F09008B05E4 /* CollectionCells */ = {
			isa = PBXGroup;
			children = (
				8F7099EE262054C10067F558 /* HoursWeatherCollectionViewCell */,
				8F38FEED26207F3E008B05E4 /* DetailWeatherCollectionViewCell */,
			);
			name = CollectionCells;
			sourceTree = "<group>";
		};
		8F38FEED26207F3E008B05E4 /* DetailWeatherCollectionViewCell */ = {
			isa = PBXGroup;
			children = (
				8F38FEE826207F33008B05E4 /* DetailWeatherCollectionViewCell.swift */,
				8F38FEE926207F33008B05E4 /* DetailWeatherCollectionViewCell.xib */,
			);
			name = DetailWeatherCollectionViewCell;
			sourceTree = "<group>";
		};
		8F38FEF62620943E008B05E4 /* Enum */ = {
			isa = PBXGroup;
			children = (
				8F38FEF72620948A008B05E4 /* DetailWeatherName.swift */,
				8F0056C326244A6E00884592 /* DetailWeatherRowsViewModel.swift */,
				8F7F456726258F7500D11774 /* SettingsRowsViewModel.swift */,
				8F7F45762625DA5600D11774 /* MeasurementEnums.swift */,
			);
			name = Enum;
			sourceTree = "<group>";
		};
		8F38FEFD2620A71F008B05E4 /* DailyDetailTableViewCell */ = {
			isa = PBXGroup;
			children = (
				8F38FEFE2620A744008B05E4 /* DailyDetailTableViewCell.swift */,
				8F38FEFF2620A744008B05E4 /* DailyDetailTableViewCell.xib */,
			);
			name = DailyDetailTableViewCell;
			sourceTree = "<group>";
		};
		8F54C0EE26258A1800681792 /* View */ = {
			isa = PBXGroup;
			children = (
				8F54C0EB26258A1300681792 /* Settings.storyboard */,
				8F7F456A26258FF000D11774 /* Cell */,
			);
			name = View;
			sourceTree = "<group>";
		};
		8F54C0EF26258A3F00681792 /* Controller */ = {
			isa = PBXGroup;
			children = (
				8F54C0F026258A6E00681792 /* MainSettingsViewController.swift */,
			);
			name = Controller;
			sourceTree = "<group>";
		};
		8F5AF57A261EEC4C00E98249 /* Cell */ = {
			isa = PBXGroup;
			children = (
				8F38FEE726207F09008B05E4 /* CollectionCells */,
				8F38FEE626207EFC008B05E4 /* TableCells */,
			);
			name = Cell;
			sourceTree = "<group>";
		};
		8F5AF57B261EEC5D00E98249 /* MainCurrentWeatherTableViewCell */ = {
			isa = PBXGroup;
			children = (
				8F5AF575261EEC4700E98249 /* MainCurrentWeatherTableViewCell.swift */,
				8F5AF576261EEC4700E98249 /* MainCurrentWeatherTableViewCell.xib */,
			);
			name = MainCurrentWeatherTableViewCell;
			sourceTree = "<group>";
		};
		8F6CC274261C5BAC00F245CC /* Protocol */ = {
			isa = PBXGroup;
			children = (
				8F6CC275261C5BB900F245CC /* Spinner.swift */,
			);
			name = Protocol;
			sourceTree = "<group>";
		};
		8F6F68AE26170D1200019172 /* Manager */ = {
			isa = PBXGroup;
			children = (
				8F92427B260B790C00D84DB0 /* SelectedLocationWeatherManager.swift */,
				D1356EB62610DF0000E435C2 /* DataManager.swift */,
				8F92428A260B94AA00D84DB0 /* DataBaseManager.swift */,
				8F7508D8261AFC520082ACF6 /* Storage.swift */,
				8F0056CB2624517F00884592 /* Helper.swift */,
				8F7F45732625AC5400D11774 /* UnitMeasurementManager.swift */,
			);
			name = Manager;
			sourceTree = "<group>";
		};
		8F6F68AF26170D3600019172 /* ViewModel */ = {
			isa = PBXGroup;
			children = (
				8F924271260B76B100D84DB0 /* SelectedLocationWeatherModel.swift */,
				D14EB9BE2615EB0400753396 /* CurrentLocationWeatherModel.swift */,
				8F271E9A261F29DD00F75FC7 /* MainCurrentWeatherViewModel.swift */,
				8F7099EB2620523E0067F558 /* HoursWeatherViewModel.swift */,
				8F38FEF2262082F8008B05E4 /* DetailWeatherViewModel.swift */,
				8F38FEFA2620A309008B05E4 /* DailyDetailWeatherModel.swift */,
			);
			name = ViewModel;
			sourceTree = "<group>";
		};
		8F6F68B026170D4100019172 /* CodableModels */ = {
			isa = PBXGroup;
			children = (
				8F92427E260B7BCF00D84DB0 /* WeatherData.swift */,
				D1356EB3260E407600E435C2 /* CityName.swift */,
				8FAAC5ED261763D30011FC58 /* GlobalWeatherData.swift */,
				8FAAC5F02617640B0011FC58 /* DetailWeatherData.swift */,
			);
			name = CodableModels;
			sourceTree = "<group>";
		};
		8F7099E62620511F0067F558 /* CollectionViewHandlers */ = {
			isa = PBXGroup;
			children = (
				8F7099E7262051390067F558 /* HoursWeatherHandler.swift */,
				8F38FEEF2620829D008B05E4 /* DetailWeatherHandler.swift */,
			);
			name = CollectionViewHandlers;
			sourceTree = "<group>";
		};
		8F7099EE262054C10067F558 /* HoursWeatherCollectionViewCell */ = {
			isa = PBXGroup;
			children = (
				8F709A08262060850067F558 /* HoursWeatherCollectionViewCell.swift */,
				8F709A09262060850067F558 /* HoursWeatherCollectionViewCell.xib */,
			);
			name = HoursWeatherCollectionViewCell;
			sourceTree = "<group>";
		};
		8F709A0526205F020067F558 /* HoursWeatherTableViewCell */ = {
			isa = PBXGroup;
			children = (
				8F709A0026205EF90067F558 /* HoursWeatherTableViewCell.swift */,
				8F709A0126205EF90067F558 /* HoursWeatherTableViewCell.xib */,
			);
			name = HoursWeatherTableViewCell;
			sourceTree = "<group>";
		};
		8F7F456A26258FF000D11774 /* Cell */ = {
			isa = PBXGroup;
			children = (
				8F7F45712625903F00D11774 /* SegmentedControlTableViewCell */,
			);
			name = Cell;
			sourceTree = "<group>";
		};
		8F7F45712625903F00D11774 /* SegmentedControlTableViewCell */ = {
			isa = PBXGroup;
			children = (
				8F7F456B2625903C00D11774 /* SegmentedControlTableViewCell.swift */,
				8F7F456C2625903C00D11774 /* SegmentedControlTableViewCell.xib */,
			);
			name = SegmentedControlTableViewCell;
			sourceTree = "<group>";
		};
		8F924248260B639000D84DB0 = {
			isa = PBXGroup;
			children = (
				8F924253260B639000D84DB0 /* WeatherApp */,
				8F924252260B639000D84DB0 /* Products */,
				E8745D14F2CB37098B6324B2 /* Pods */,
				EEC993F748C3679D32A9C457 /* Frameworks */,
			);
			sourceTree = "<group>";
		};
		8F924252260B639000D84DB0 /* Products */ = {
			isa = PBXGroup;
			children = (
				8F924251260B639000D84DB0 /* WeatherApp.app */,
			);
			name = Products;
			sourceTree = "<group>";
		};
		8F924253260B639000D84DB0 /* WeatherApp */ = {
			isa = PBXGroup;
			children = (
				8F924274260B76B500D84DB0 /* Model */,
				D1356EA8260DE4BF00E435C2 /* Flow */,
				8F0056C726244F4B00884592 /* Extension */,
				8F6CC274261C5BAC00F245CC /* Protocol */,
				8F92426D260B754400D84DB0 /* Supporting Files */,
				8F924265260B639100D84DB0 /* Info.plist */,
				8F92425D260B639000D84DB0 /* WeatherApp.xcdatamodeld */,
				D1ADEE4D2614B17600CA9F5F /* Localizable.strings */,
			);
			path = WeatherApp;
			sourceTree = "<group>";
		};
		8F92426D260B754400D84DB0 /* Supporting Files */ = {
			isa = PBXGroup;
			children = (
				8F924262260B639100D84DB0 /* LaunchScreen.storyboard */,
				8F924254260B639000D84DB0 /* AppDelegate.swift */,
				8F924260260B639100D84DB0 /* Assets.xcassets */,
			);
			name = "Supporting Files";
			sourceTree = "<group>";
		};
		8F924274260B76B500D84DB0 /* Model */ = {
			isa = PBXGroup;
			children = (
				8F38FEF62620943E008B05E4 /* Enum */,
				8F7099E62620511F0067F558 /* CollectionViewHandlers */,
				8F6F68AF26170D3600019172 /* ViewModel */,
				8F6F68AE26170D1200019172 /* Manager */,
				8F6F68B026170D4100019172 /* CodableModels */,
			);
			name = Model;
			sourceTree = "<group>";
		};
		D1356EA8260DE4BF00E435C2 /* Flow */ = {
			isa = PBXGroup;
			children = (
				D1356EA9260DE4CA00E435C2 /* MainFlow */,
				D1356EAB260DE4DB00E435C2 /* DetailsFlow */,
				D1356EAA260DE4D200E435C2 /* SettingsFlow */,
			);
			name = Flow;
			sourceTree = "<group>";
		};
		D1356EA9260DE4CA00E435C2 /* MainFlow */ = {
			isa = PBXGroup;
			children = (
				D1356EAC260DE56B00E435C2 /* View */,
				D1356EAD260DE58500E435C2 /* Controller */,
			);
			name = MainFlow;
			sourceTree = "<group>";
		};
		D1356EAA260DE4D200E435C2 /* SettingsFlow */ = {
			isa = PBXGroup;
			children = (
				8F54C0EE26258A1800681792 /* View */,
				8F54C0EF26258A3F00681792 /* Controller */,
			);
			name = SettingsFlow;
			sourceTree = "<group>";
		};
		D1356EAB260DE4DB00E435C2 /* DetailsFlow */ = {
			isa = PBXGroup;
			children = (
				D1356EB1260DE62900E435C2 /* View */,
				D1356EB0260DE62000E435C2 /* Controller */,
			);
			name = DetailsFlow;
			sourceTree = "<group>";
		};
		D1356EAC260DE56B00E435C2 /* View */ = {
			isa = PBXGroup;
			children = (
				8F92425A260B639000D84DB0 /* Main.storyboard */,
				D1356EAE260DE5D900E435C2 /* Cell */,
			);
			name = View;
			sourceTree = "<group>";
		};
		D1356EAD260DE58500E435C2 /* Controller */ = {
			isa = PBXGroup;
			children = (
				8F924258260B639000D84DB0 /* SelectedLocationsViewController.swift */,
				8F92428D260B9FC400D84DB0 /* MapViewController.swift */,
				8FA04636260C97050042F47C /* LocationSearchTableViewController.swift */,
			);
			name = Controller;
			sourceTree = "<group>";
		};
		D1356EAE260DE5D900E435C2 /* Cell */ = {
			isa = PBXGroup;
			children = (
				D1356EAF260DE5E900E435C2 /* SelectedLocationTableViewCell */,
			);
			name = Cell;
			sourceTree = "<group>";
		};
		D1356EAF260DE5E900E435C2 /* SelectedLocationTableViewCell */ = {
			isa = PBXGroup;
			children = (
				8F924282260B7D1700D84DB0 /* SelectedLocationTableViewCell.xib */,
				8F924281260B7D1700D84DB0 /* SelectedLocationTableViewCell.swift */,
			);
			name = SelectedLocationTableViewCell;
			sourceTree = "<group>";
		};
		D1356EB0260DE62000E435C2 /* Controller */ = {
			isa = PBXGroup;
			children = (
				8F0629B1261222650091D2F3 /* DetailWeatherViewController.swift */,
				8FAAC5EA261749B50011FC58 /* DailyDetailWeatherViewController.swift */,
			);
			name = Controller;
			sourceTree = "<group>";
		};
		D1356EB1260DE62900E435C2 /* View */ = {
			isa = PBXGroup;
			children = (
				8FA0463A260CEF560042F47C /* Detail.storyboard */,
				8F5AF57A261EEC4C00E98249 /* Cell */,
			);
			name = View;
			sourceTree = "<group>";
		};
		E8745D14F2CB37098B6324B2 /* Pods */ = {
			isa = PBXGroup;
			children = (
				72CF6C324900F39652590F73 /* Pods-WeatherApp.debug.xcconfig */,
				F93144D8D5381C98667FDF35 /* Pods-WeatherApp.release.xcconfig */,
			);
			path = Pods;
			sourceTree = "<group>";
		};
		EEC993F748C3679D32A9C457 /* Frameworks */ = {
			isa = PBXGroup;
			children = (
				11D2AD86C8F96C8865AE8D27 /* Pods_WeatherApp.framework */,
			);
			name = Frameworks;
			sourceTree = "<group>";
		};
/* End PBXGroup section */

/* Begin PBXNativeTarget section */
		8F924250260B639000D84DB0 /* WeatherApp */ = {
			isa = PBXNativeTarget;
			buildConfigurationList = 8F924268260B639100D84DB0 /* Build configuration list for PBXNativeTarget "WeatherApp" */;
			buildPhases = (
				8F75B85126122967008433F2 /* ShellScript */,
				E5D72F19ED2636E0A258559C /* [CP] Check Pods Manifest.lock */,
				8F92424D260B639000D84DB0 /* Sources */,
				8F92424E260B639000D84DB0 /* Frameworks */,
				8F92424F260B639000D84DB0 /* Resources */,
			);
			buildRules = (
			);
			dependencies = (
			);
			name = WeatherApp;
			productName = WeatherApp;
			productReference = 8F924251260B639000D84DB0 /* WeatherApp.app */;
			productType = "com.apple.product-type.application";
		};
/* End PBXNativeTarget section */

/* Begin PBXProject section */
		8F924249260B639000D84DB0 /* Project object */ = {
			isa = PBXProject;
			attributes = {
				LastSwiftUpdateCheck = 1240;
				LastUpgradeCheck = 1240;
				TargetAttributes = {
					8F924250260B639000D84DB0 = {
						CreatedOnToolsVersion = 12.4;
					};
				};
			};
			buildConfigurationList = 8F92424C260B639000D84DB0 /* Build configuration list for PBXProject "WeatherApp" */;
			compatibilityVersion = "Xcode 9.3";
			developmentRegion = en;
			hasScannedForEncodings = 0;
			knownRegions = (
				en,
				Base,
				ru,
			);
			mainGroup = 8F924248260B639000D84DB0;
			productRefGroup = 8F924252260B639000D84DB0 /* Products */;
			projectDirPath = "";
			projectRoot = "";
			targets = (
				8F924250260B639000D84DB0 /* WeatherApp */,
			);
		};
/* End PBXProject section */

/* Begin PBXResourcesBuildPhase section */
		8F92424F260B639000D84DB0 /* Resources */ = {
			isa = PBXResourcesBuildPhase;
			buildActionMask = 2147483647;
			files = (
				8F924264260B639100D84DB0 /* LaunchScreen.storyboard in Resources */,
				D1ADEE4B2614B17600CA9F5F /* Localizable.strings in Resources */,
				8F7F456E2625903C00D11774 /* SegmentedControlTableViewCell.xib in Resources */,
				8F38FF012620A744008B05E4 /* DailyDetailTableViewCell.xib in Resources */,
				8F924284260B7D1700D84DB0 /* SelectedLocationTableViewCell.xib in Resources */,
				8F38FEEB26207F33008B05E4 /* DetailWeatherCollectionViewCell.xib in Resources */,
				8F924261260B639100D84DB0 /* Assets.xcassets in Resources */,
				8F709A0326205EF90067F558 /* HoursWeatherTableViewCell.xib in Resources */,
				8F38FEE326207ED6008B05E4 /* DetailCurrentWeatherTableViewCell.xib in Resources */,
				8F5AF578261EEC4700E98249 /* MainCurrentWeatherTableViewCell.xib in Resources */,
				8F709A0B262060850067F558 /* HoursWeatherCollectionViewCell.xib in Resources */,
				8FA0463B260CEF560042F47C /* Detail.storyboard in Resources */,
				8F54C0EC26258A1300681792 /* Settings.storyboard in Resources */,
				8F92425C260B639000D84DB0 /* Main.storyboard in Resources */,
			);
			runOnlyForDeploymentPostprocessing = 0;
		};
/* End PBXResourcesBuildPhase section */

/* Begin PBXShellScriptBuildPhase section */
		8F75B85126122967008433F2 /* ShellScript */ = {
			isa = PBXShellScriptBuildPhase;
			buildActionMask = 2147483647;
			files = (
			);
			inputFileListPaths = (
			);
			inputPaths = (
			);
			outputFileListPaths = (
			);
			outputPaths = (
			);
			runOnlyForDeploymentPostprocessing = 0;
			shellPath = /bin/sh;
			shellScript = "${PODS_ROOT}/SwiftLint/swiftlint\n";
		};
		E5D72F19ED2636E0A258559C /* [CP] Check Pods Manifest.lock */ = {
			isa = PBXShellScriptBuildPhase;
			buildActionMask = 2147483647;
			files = (
			);
			inputFileListPaths = (
			);
			inputPaths = (
				"${PODS_PODFILE_DIR_PATH}/Podfile.lock",
				"${PODS_ROOT}/Manifest.lock",
			);
			name = "[CP] Check Pods Manifest.lock";
			outputFileListPaths = (
			);
			outputPaths = (
				"$(DERIVED_FILE_DIR)/Pods-WeatherApp-checkManifestLockResult.txt",
			);
			runOnlyForDeploymentPostprocessing = 0;
			shellPath = /bin/sh;
			shellScript = "diff \"${PODS_PODFILE_DIR_PATH}/Podfile.lock\" \"${PODS_ROOT}/Manifest.lock\" > /dev/null\nif [ $? != 0 ] ; then\n    # print error to STDERR\n    echo \"error: The sandbox is not in sync with the Podfile.lock. Run 'pod install' or update your CocoaPods installation.\" >&2\n    exit 1\nfi\n# This output is used by Xcode 'outputs' to avoid re-running this script phase.\necho \"SUCCESS\" > \"${SCRIPT_OUTPUT_FILE_0}\"\n";
			showEnvVarsInLog = 0;
		};
/* End PBXShellScriptBuildPhase section */

/* Begin PBXSourcesBuildPhase section */
		8F92424D260B639000D84DB0 /* Sources */ = {
			isa = PBXSourcesBuildPhase;
			buildActionMask = 2147483647;
			files = (
				8F709A0A262060850067F558 /* HoursWeatherCollectionViewCell.swift in Sources */,
				8F38FEFB2620A309008B05E4 /* DailyDetailWeatherModel.swift in Sources */,
				8F0056C426244A6E00884592 /* DetailWeatherRowsViewModel.swift in Sources */,
				8F38FF002620A744008B05E4 /* DailyDetailTableViewCell.swift in Sources */,
				8F92425F260B639000D84DB0 /* WeatherApp.xcdatamodeld in Sources */,
				8F38FEF82620948A008B05E4 /* DetailWeatherName.swift in Sources */,
				8F7099EC2620523E0067F558 /* HoursWeatherViewModel.swift in Sources */,
				8F92428B260B94AA00D84DB0 /* DataBaseManager.swift in Sources */,
				8F924259260B639000D84DB0 /* SelectedLocationsViewController.swift in Sources */,
				8F7099E8262051390067F558 /* HoursWeatherHandler.swift in Sources */,
				8F7F456D2625903C00D11774 /* SegmentedControlTableViewCell.swift in Sources */,
				8F92428E260B9FC400D84DB0 /* MapViewController.swift in Sources */,
				8F92427F260B7BCF00D84DB0 /* WeatherData.swift in Sources */,
				8F7508D9261AFC520082ACF6 /* Storage.swift in Sources */,
				8F7F456826258F7500D11774 /* SettingsRowsViewModel.swift in Sources */,
				8F0056C926244F6900884592 /* String+ColorName.swift in Sources */,
				8FAAC5F12617640B0011FC58 /* DetailWeatherData.swift in Sources */,
				8F38FEF02620829D008B05E4 /* DetailWeatherHandler.swift in Sources */,
				8F38FEEA26207F33008B05E4 /* DetailWeatherCollectionViewCell.swift in Sources */,
				8F6CC276261C5BB900F245CC /* Spinner.swift in Sources */,
				8F924283260B7D1700D84DB0 /* SelectedLocationTableViewCell.swift in Sources */,
				8F38FEF3262082F8008B05E4 /* DetailWeatherViewModel.swift in Sources */,
				8F0629B2261222650091D2F3 /* DetailWeatherViewController.swift in Sources */,
				8FAAC5EB261749B50011FC58 /* DailyDetailWeatherViewController.swift in Sources */,
				8F0056CC2624517F00884592 /* Helper.swift in Sources */,
				8F92427C260B790C00D84DB0 /* SelectedLocationWeatherManager.swift in Sources */,
				8F54C0F126258A6E00681792 /* MainSettingsViewController.swift in Sources */,
				8F7F45742625AC5400D11774 /* UnitMeasurementManager.swift in Sources */,
				8F924255260B639000D84DB0 /* AppDelegate.swift in Sources */,
				8FA04637260C97050042F47C /* LocationSearchTableViewController.swift in Sources */,
				8F38FEE226207ED6008B05E4 /* DetailCurrentWeatherTableViewCell.swift in Sources */,
				8F924272260B76B100D84DB0 /* SelectedLocationWeatherModel.swift in Sources */,
				D14EB9BF2615EB0400753396 /* CurrentLocationWeatherModel.swift in Sources */,
				8FAAC5EE261763D30011FC58 /* GlobalWeatherData.swift in Sources */,
				8F271E9B261F29DD00F75FC7 /* MainCurrentWeatherViewModel.swift in Sources */,
				8F709A0226205EF90067F558 /* HoursWeatherTableViewCell.swift in Sources */,
				D1356EB72610DF0000E435C2 /* DataManager.swift in Sources */,
				D1356EB4260E407600E435C2 /* CityName.swift in Sources */,
				8F5AF577261EEC4700E98249 /* MainCurrentWeatherTableViewCell.swift in Sources */,
				8F7F45772625DA5600D11774 /* MeasurementEnums.swift in Sources */,
			);
			runOnlyForDeploymentPostprocessing = 0;
		};
/* End PBXSourcesBuildPhase section */

/* Begin PBXVariantGroup section */
		8F92425A260B639000D84DB0 /* Main.storyboard */ = {
			isa = PBXVariantGroup;
			children = (
				8F92425B260B639000D84DB0 /* Base */,
				D1ADEE462614B12A00CA9F5F /* ru */,
			);
			name = Main.storyboard;
			sourceTree = "<group>";
		};
		8F924262260B639100D84DB0 /* LaunchScreen.storyboard */ = {
			isa = PBXVariantGroup;
			children = (
				8F924263260B639100D84DB0 /* Base */,
			);
			name = LaunchScreen.storyboard;
			sourceTree = "<group>";
		};
		D1ADEE4D2614B17600CA9F5F /* Localizable.strings */ = {
			isa = PBXVariantGroup;
			children = (
				D1ADEE4C2614B17600CA9F5F /* en */,
				D1ADEE4F2614B17C00CA9F5F /* ru */,
			);
			name = Localizable.strings;
			sourceTree = "<group>";
		};
/* End PBXVariantGroup section */

/* Begin XCBuildConfiguration section */
		8F924266260B639100D84DB0 /* Debug */ = {
			isa = XCBuildConfiguration;
			buildSettings = {
				ALWAYS_SEARCH_USER_PATHS = NO;
				CLANG_ANALYZER_LOCALIZABILITY_NONLOCALIZED = YES;
				CLANG_ANALYZER_NONNULL = YES;
				CLANG_ANALYZER_NUMBER_OBJECT_CONVERSION = YES_AGGRESSIVE;
				CLANG_CXX_LANGUAGE_STANDARD = "gnu++14";
				CLANG_CXX_LIBRARY = "libc++";
				CLANG_ENABLE_MODULES = YES;
				CLANG_ENABLE_OBJC_ARC = YES;
				CLANG_ENABLE_OBJC_WEAK = YES;
				CLANG_WARN_BLOCK_CAPTURE_AUTORELEASING = YES;
				CLANG_WARN_BOOL_CONVERSION = YES;
				CLANG_WARN_COMMA = YES;
				CLANG_WARN_CONSTANT_CONVERSION = YES;
				CLANG_WARN_DEPRECATED_OBJC_IMPLEMENTATIONS = YES;
				CLANG_WARN_DIRECT_OBJC_ISA_USAGE = YES_ERROR;
				CLANG_WARN_DOCUMENTATION_COMMENTS = YES;
				CLANG_WARN_EMPTY_BODY = YES;
				CLANG_WARN_ENUM_CONVERSION = YES;
				CLANG_WARN_INFINITE_RECURSION = YES;
				CLANG_WARN_INT_CONVERSION = YES;
				CLANG_WARN_NON_LITERAL_NULL_CONVERSION = YES;
				CLANG_WARN_OBJC_IMPLICIT_RETAIN_SELF = YES;
				CLANG_WARN_OBJC_LITERAL_CONVERSION = YES;
				CLANG_WARN_OBJC_ROOT_CLASS = YES_ERROR;
				CLANG_WARN_QUOTED_INCLUDE_IN_FRAMEWORK_HEADER = YES;
				CLANG_WARN_RANGE_LOOP_ANALYSIS = YES;
				CLANG_WARN_STRICT_PROTOTYPES = YES;
				CLANG_WARN_SUSPICIOUS_MOVE = YES;
				CLANG_WARN_UNGUARDED_AVAILABILITY = YES_AGGRESSIVE;
				CLANG_WARN_UNREACHABLE_CODE = YES;
				CLANG_WARN__DUPLICATE_METHOD_MATCH = YES;
				COPY_PHASE_STRIP = NO;
				DEBUG_INFORMATION_FORMAT = dwarf;
				ENABLE_STRICT_OBJC_MSGSEND = YES;
				ENABLE_TESTABILITY = YES;
				GCC_C_LANGUAGE_STANDARD = gnu11;
				GCC_DYNAMIC_NO_PIC = NO;
				GCC_NO_COMMON_BLOCKS = YES;
				GCC_OPTIMIZATION_LEVEL = 0;
				GCC_PREPROCESSOR_DEFINITIONS = (
					"DEBUG=1",
					"$(inherited)",
				);
				GCC_WARN_64_TO_32_BIT_CONVERSION = YES;
				GCC_WARN_ABOUT_RETURN_TYPE = YES_ERROR;
				GCC_WARN_UNDECLARED_SELECTOR = YES;
				GCC_WARN_UNINITIALIZED_AUTOS = YES_AGGRESSIVE;
				GCC_WARN_UNUSED_FUNCTION = YES;
				GCC_WARN_UNUSED_VARIABLE = YES;
				IPHONEOS_DEPLOYMENT_TARGET = 14.4;
				MTL_ENABLE_DEBUG_INFO = INCLUDE_SOURCE;
				MTL_FAST_MATH = YES;
				ONLY_ACTIVE_ARCH = YES;
				SDKROOT = iphoneos;
				SWIFT_ACTIVE_COMPILATION_CONDITIONS = DEBUG;
				SWIFT_OPTIMIZATION_LEVEL = "-Onone";
			};
			name = Debug;
		};
		8F924267260B639100D84DB0 /* Release */ = {
			isa = XCBuildConfiguration;
			buildSettings = {
				ALWAYS_SEARCH_USER_PATHS = NO;
				CLANG_ANALYZER_LOCALIZABILITY_NONLOCALIZED = YES;
				CLANG_ANALYZER_NONNULL = YES;
				CLANG_ANALYZER_NUMBER_OBJECT_CONVERSION = YES_AGGRESSIVE;
				CLANG_CXX_LANGUAGE_STANDARD = "gnu++14";
				CLANG_CXX_LIBRARY = "libc++";
				CLANG_ENABLE_MODULES = YES;
				CLANG_ENABLE_OBJC_ARC = YES;
				CLANG_ENABLE_OBJC_WEAK = YES;
				CLANG_WARN_BLOCK_CAPTURE_AUTORELEASING = YES;
				CLANG_WARN_BOOL_CONVERSION = YES;
				CLANG_WARN_COMMA = YES;
				CLANG_WARN_CONSTANT_CONVERSION = YES;
				CLANG_WARN_DEPRECATED_OBJC_IMPLEMENTATIONS = YES;
				CLANG_WARN_DIRECT_OBJC_ISA_USAGE = YES_ERROR;
				CLANG_WARN_DOCUMENTATION_COMMENTS = YES;
				CLANG_WARN_EMPTY_BODY = YES;
				CLANG_WARN_ENUM_CONVERSION = YES;
				CLANG_WARN_INFINITE_RECURSION = YES;
				CLANG_WARN_INT_CONVERSION = YES;
				CLANG_WARN_NON_LITERAL_NULL_CONVERSION = YES;
				CLANG_WARN_OBJC_IMPLICIT_RETAIN_SELF = YES;
				CLANG_WARN_OBJC_LITERAL_CONVERSION = YES;
				CLANG_WARN_OBJC_ROOT_CLASS = YES_ERROR;
				CLANG_WARN_QUOTED_INCLUDE_IN_FRAMEWORK_HEADER = YES;
				CLANG_WARN_RANGE_LOOP_ANALYSIS = YES;
				CLANG_WARN_STRICT_PROTOTYPES = YES;
				CLANG_WARN_SUSPICIOUS_MOVE = YES;
				CLANG_WARN_UNGUARDED_AVAILABILITY = YES_AGGRESSIVE;
				CLANG_WARN_UNREACHABLE_CODE = YES;
				CLANG_WARN__DUPLICATE_METHOD_MATCH = YES;
				COPY_PHASE_STRIP = NO;
				DEBUG_INFORMATION_FORMAT = "dwarf-with-dsym";
				ENABLE_NS_ASSERTIONS = NO;
				ENABLE_STRICT_OBJC_MSGSEND = YES;
				GCC_C_LANGUAGE_STANDARD = gnu11;
				GCC_NO_COMMON_BLOCKS = YES;
				GCC_WARN_64_TO_32_BIT_CONVERSION = YES;
				GCC_WARN_ABOUT_RETURN_TYPE = YES_ERROR;
				GCC_WARN_UNDECLARED_SELECTOR = YES;
				GCC_WARN_UNINITIALIZED_AUTOS = YES_AGGRESSIVE;
				GCC_WARN_UNUSED_FUNCTION = YES;
				GCC_WARN_UNUSED_VARIABLE = YES;
				IPHONEOS_DEPLOYMENT_TARGET = 14.4;
				MTL_ENABLE_DEBUG_INFO = NO;
				MTL_FAST_MATH = YES;
				SDKROOT = iphoneos;
				SWIFT_COMPILATION_MODE = wholemodule;
				SWIFT_OPTIMIZATION_LEVEL = "-O";
				VALIDATE_PRODUCT = YES;
			};
			name = Release;
		};
		8F924269260B639100D84DB0 /* Debug */ = {
			isa = XCBuildConfiguration;
			baseConfigurationReference = 72CF6C324900F39652590F73 /* Pods-WeatherApp.debug.xcconfig */;
			buildSettings = {
				ASSETCATALOG_COMPILER_APPICON_NAME = AppIcon;
				ASSETCATALOG_COMPILER_GLOBAL_ACCENT_COLOR_NAME = AccentColor;
				CODE_SIGN_STYLE = Automatic;
				DEVELOPMENT_TEAM = HD2JR64NHW;
				INFOPLIST_FILE = WeatherApp/Info.plist;
				IPHONEOS_DEPLOYMENT_TARGET = 13.0;
				LD_RUNPATH_SEARCH_PATHS = (
					"$(inherited)",
					"@executable_path/Frameworks",
				);
				PRODUCT_BUNDLE_IDENTIFIER = com.chykerenda.rodion.WeatherApp;
				PRODUCT_NAME = "$(TARGET_NAME)";
				SWIFT_VERSION = 5.0;
				TARGETED_DEVICE_FAMILY = "1,2";
			};
			name = Debug;
		};
		8F92426A260B639100D84DB0 /* Release */ = {
			isa = XCBuildConfiguration;
			baseConfigurationReference = F93144D8D5381C98667FDF35 /* Pods-WeatherApp.release.xcconfig */;
			buildSettings = {
				ASSETCATALOG_COMPILER_APPICON_NAME = AppIcon;
				ASSETCATALOG_COMPILER_GLOBAL_ACCENT_COLOR_NAME = AccentColor;
				CODE_SIGN_STYLE = Automatic;
				DEVELOPMENT_TEAM = HD2JR64NHW;
				INFOPLIST_FILE = WeatherApp/Info.plist;
				IPHONEOS_DEPLOYMENT_TARGET = 13.0;
				LD_RUNPATH_SEARCH_PATHS = (
					"$(inherited)",
					"@executable_path/Frameworks",
				);
				PRODUCT_BUNDLE_IDENTIFIER = com.chykerenda.rodion.WeatherApp;
				PRODUCT_NAME = "$(TARGET_NAME)";
				SWIFT_VERSION = 5.0;
				TARGETED_DEVICE_FAMILY = "1,2";
			};
			name = Release;
		};
/* End XCBuildConfiguration section */

/* Begin XCConfigurationList section */
		8F92424C260B639000D84DB0 /* Build configuration list for PBXProject "WeatherApp" */ = {
			isa = XCConfigurationList;
			buildConfigurations = (
				8F924266260B639100D84DB0 /* Debug */,
				8F924267260B639100D84DB0 /* Release */,
			);
			defaultConfigurationIsVisible = 0;
			defaultConfigurationName = Release;
		};
		8F924268260B639100D84DB0 /* Build configuration list for PBXNativeTarget "WeatherApp" */ = {
			isa = XCConfigurationList;
			buildConfigurations = (
				8F924269260B639100D84DB0 /* Debug */,
				8F92426A260B639100D84DB0 /* Release */,
			);
			defaultConfigurationIsVisible = 0;
			defaultConfigurationName = Release;
		};
/* End XCConfigurationList section */

/* Begin XCVersionGroup section */
		8F92425D260B639000D84DB0 /* WeatherApp.xcdatamodeld */ = {
			isa = XCVersionGroup;
			children = (
				8F92425E260B639000D84DB0 /* WeatherApp.xcdatamodel */,
			);
			currentVersion = 8F92425E260B639000D84DB0 /* WeatherApp.xcdatamodel */;
			path = WeatherApp.xcdatamodeld;
			sourceTree = "<group>";
			versionGroupType = wrapper.xcdatamodel;
		};
/* End XCVersionGroup section */
	};
	rootObject = 8F924249260B639000D84DB0 /* Project object */;
}
